
Microsoft Visual Studio Solution File, Format Version 12.00
# Visual Studio Version 17
VisualStudioVersion = 17.5.33502.453
MinimumVisualStudioVersion = 10.0.40219.1
Project("{9A19103F-16F7-4668-BE54-9A1E7A4F7556}") = "WebApi", "WebApi.csproj", "{AEB158D1-8824-4E9C-818D-EBBFA69A088F}"
EndProject
Global
	GlobalSection(SolutionConfigurationPlatforms) = preSolution
		Debug|Any CPU = Debug|Any CPU
		Release|Any CPU = Release|Any CPU
	EndGlobalSection
	GlobalSection(ProjectConfigurationPlatforms) = postSolution
		{AEB158D1-8824-4E9C-818D-EBBFA69A088F}.Debug|Any CPU.ActiveCfg = Debug|Any CPU
		{AEB158D1-8824-4E9C-818D-EBBFA69A088F}.Debug|Any CPU.Build.0 = Debug|Any CPU
		{AEB158D1-8824-4E9C-818D-EBBFA69A088F}.Release|Any CPU.ActiveCfg = Release|Any CPU
		{AEB158D1-8824-4E9C-818D-EBBFA69A088F}.Release|Any CPU.Build.0 = Release|Any CPU
	EndGlobalSection
	GlobalSection(SolutionProperties) = preSolution
		HideSolutionNode = FALSE
	EndGlobalSection
	GlobalSection(ExtensibilityGlobals) = postSolution
		SolutionGuid = {3FDA2C81-2D65-4E54-8EDF-1B0F6AEC186F}
	EndGlobalSection
EndGlobal
